
Microsoft Visual Studio Solution File, Format Version 12.00
# Visual Studio Version 16
VisualStudioVersion = 16.0.30225.117
MinimumVisualStudioVersion = 10.0.40219.1
Project("{FAE04EC0-301F-11D3-BF4B-00C04F79EFBC}") = "kMHCheat", "kMHCheat\kMHCheat.csproj", "{7C1F7FD1-9165-4A83-B562-D49B873F3F52}"
EndProject
Global
	GlobalSection(SolutionConfigurationPlatforms) = preSolution
		Debug|Any CPU = Debug|Any CPU
		Release|Any CPU = Release|Any CPU
	EndGlobalSection
	GlobalSection(ProjectConfigurationPlatforms) = postSolution
		{7C1F7FD1-9165-4A83-B562-D49B873F3F52}.Debug|Any CPU.ActiveCfg = Debug|Any CPU
		{7C1F7FD1-9165-4A83-B562-D49B873F3F52}.Debug|Any CPU.Build.0 = Debug|Any CPU
		{7C1F7FD1-9165-4A83-B562-D49B873F3F52}.Release|Any CPU.ActiveCfg = Release|Any CPU
		{7C1F7FD1-9165-4A83-B562-D49B873F3F52}.Release|Any CPU.Build.0 = Release|Any CPU
	EndGlobalSection
	GlobalSection(SolutionProperties) = preSolution
		HideSolutionNode = FALSE
	EndGlobalSection
	GlobalSection(ExtensibilityGlobals) = postSolution
		SolutionGuid = {A04C8D09-9EE4-4FC9-8744-23516D1A1A51}
	EndGlobalSection
EndGlobal
