
Microsoft Visual Studio Solution File, Format Version 12.00
# Visual Studio Version 16
VisualStudioVersion = 16.0.30225.117
MinimumVisualStudioVersion = 10.0.40219.1
Project("{FAE04EC0-301F-11D3-BF4B-00C04F79EFBC}") = "ZeroKore.Client", "ZeroKore.Client\ZeroKore.Client.csproj", "{FA032C9F-AEAF-452D-8883-0FBDCCDE4192}"
EndProject
Global
	GlobalSection(SolutionConfigurationPlatforms) = preSolution
		Debug|Any CPU = Debug|Any CPU
		Release|Any CPU = Release|Any CPU
	EndGlobalSection
	GlobalSection(ProjectConfigurationPlatforms) = postSolution
		{FA032C9F-AEAF-452D-8883-0FBDCCDE4192}.Debug|Any CPU.ActiveCfg = Debug|Any CPU
		{FA032C9F-AEAF-452D-8883-0FBDCCDE4192}.Debug|Any CPU.Build.0 = Debug|Any CPU
		{FA032C9F-AEAF-452D-8883-0FBDCCDE4192}.Release|Any CPU.ActiveCfg = Release|Any CPU
		{FA032C9F-AEAF-452D-8883-0FBDCCDE4192}.Release|Any CPU.Build.0 = Release|Any CPU
	EndGlobalSection
	GlobalSection(SolutionProperties) = preSolution
		HideSolutionNode = FALSE
	EndGlobalSection
	GlobalSection(ExtensibilityGlobals) = postSolution
		SolutionGuid = {4D5BA674-8E88-4413-B51C-44B4DBF8E380}
	EndGlobalSection
EndGlobal
